<?xml version="1.0" encoding="utf-8"?>
<Project ToolsVersion="4.0" xmlns="http://schemas.microsoft.com/developer/msbuild/2003">
  <ItemGroup>
    <Filter Include="Common">
      <UniqueIdentifier>1993a55d-43aa-438d-b0c5-298df329a879</UniqueIdentifier>
    </Filter>
    <Filter Include="Assets">
      <UniqueIdentifier>f66e4145-88b9-4f20-beb5-05d05c1ab9cd</UniqueIdentifier>
      <Extensions>ico;cur;bmp;dds;dlg;fbx;rct;bin;rgs;gif;jpg;jpeg;jpe;resx;tga;tiff;tif;png;wav;mfcribbon-ms</Extensions>
    </Filter>
    <Filter Include="Assets\Heli">
      <UniqueIdentifier>{8513a0df-6442-41cb-bacd-b7ec50062332}</UniqueIdentifier>
    </Filter>
    <Filter Include="Assets\Basic">
      <UniqueIdentifier>{ddd09055-3d74-47c3-ab6e-d8a11c9371fa}</UniqueIdentifier>
    </Filter>
    <Filter Include="Assets\Tokyo">
      <UniqueIdentifier>{4e97ddf3-e8b6-4402-8a0a-d949b662b92c}</UniqueIdentifier>
    </Filter>
  </ItemGroup>
  <ItemGroup>
    <ClInclude Include="pch.h" />
    <ClInclude Include="Game.h" />
    <ClInclude Include="StepTimer.h">
      <Filter>Common</Filter>
    </ClInclude>
    <ClInclude Include="DeviceResources.h">
      <Filter>Common</Filter>
    </ClInclude>
    <ClInclude Include="TextConsole.h" />
  </ItemGroup>
  <ItemGroup>
    <ClCompile Include="pch.cpp" />
    <ClCompile Include="Game.cpp" />
    <ClCompile Include="Main.cpp" />
    <ClCompile Include="DeviceResources.cpp">
      <Filter>Common</Filter>
    </ClCompile>
  </ItemGroup>
  <ItemGroup>
    <ResourceCompile Include="resource.rc" />
  </ItemGroup>
  <ItemGroup>
    <Image Include="directx.ico">
      <Filter>Assets</Filter>
    </Image>
    <Image Include="roomtexture.dds">
      <Filter>Assets\Basic</Filter>
    </Image>
    <Image Include="cat.png">
      <Filter>Assets\Basic</Filter>
    </Image>
    <Image Include="cup.jpg">
      <Filter>Assets\Basic</Filter>
    </Image>
    <Image Include="sunset.jpg">
      <Filter>Assets\Basic</Filter>
    </Image>
    <Image Include="1K_GunshipTXTR.png">
      <Filter>Assets\Heli</Filter>
    </Image>
    <Image Include="512K_HellfireTXTR.png">
      <Filter>Assets\Heli</Filter>
    </Image>
  </ItemGroup>
  <ItemGroup>
    <Manifest Include="settings.manifest">
      <Filter>Assets</Filter>
    </Manifest>
  </ItemGroup>
  <ItemGroup>
    <None Include="packages.config" />
    <None Include="cup.cmo">
      <Filter>Assets\Basic</Filter>
    </None>
    <None Include="heli.mtl">
      <Filter>Assets\Heli</Filter>
    </None>
    <None Include="heli.cmo">
      <Filter>Assets\Heli</Filter>
    </None>
  </ItemGroup>
</Project>